// !$*UTF8*$!
{
	archiveVersion = 1;
	classes = {
	};
	objectVersion = 46;
	objects = {

/* Begin PBXBuildFile section */
		5E7B8439D25B13BED8254AE9 /* Pods_FireChat.framework in Frameworks */ = {isa = PBXBuildFile; fileRef = 8B5CC8B92A182F9627708111 /* Pods_FireChat.framework */; };
		6D38E44D1DB36A9800A30E88 /* AppDelegate.m in Sources */ = {isa = PBXBuildFile; fileRef = 6D38E44C1DB36A9800A30E88 /* AppDelegate.m */; };
		6D38E4551DB36A9900A30E88 /* Assets.xcassets in Resources */ = {isa = PBXBuildFile; fileRef = 6D38E4541DB36A9900A30E88 /* Assets.xcassets */; };
		6D38E4581DB36A9900A30E88 /* LaunchScreen.storyboard in Resources */ = {isa = PBXBuildFile; fileRef = 6D38E4561DB36A9900A30E88 /* LaunchScreen.storyboard */; };
		6D38E4691DB36B5E00A30E88 /* FCHomeViewController.m in Sources */ = {isa = PBXBuildFile; fileRef = 6D38E4681DB36B5E00A30E88 /* FCHomeViewController.m */; };
		6D38E46C1DB36DC500A30E88 /* Main.storyboard in Resources */ = {isa = PBXBuildFile; fileRef = 6D38E46B1DB36DC500A30E88 /* Main.storyboard */; };
		6D3D636C1DBA280A00DBBB5C /* UIColor+FC.m in Sources */ = {isa = PBXBuildFile; fileRef = 6D3D636B1DBA280A00DBBB5C /* UIColor+FC.m */; };
		6D3D636F1DBA2BD700DBBB5C /* FCRoundedButton.m in Sources */ = {isa = PBXBuildFile; fileRef = 6D3D636E1DBA2BD700DBBB5C /* FCRoundedButton.m */; };
		6D3D63721DBA2C7800DBBB5C /* main.m in Sources */ = {isa = PBXBuildFile; fileRef = 6D3D63711DBA2C7800DBBB5C /* main.m */; };
		6D3D63771DBA3ECD00DBBB5C /* FCTextField.m in Sources */ = {isa = PBXBuildFile; fileRef = 6D3D63761DBA3ECD00DBBB5C /* FCTextField.m */; };
		6D6F80481DC3AFE900CE5102 /* FCPhotoMediaItem.m in Sources */ = {isa = PBXBuildFile; fileRef = 6D6F80471DC3AFE900CE5102 /* FCPhotoMediaItem.m */; };
		6D7D5B281DBE695000EC45ED /* GoogleService-Info.plist in Resources */ = {isa = PBXBuildFile; fileRef = 6D7D5B271DBE695000EC45ED /* GoogleService-Info.plist */; };
		6D8F4F311DBA84C700C44C5A /* FCSettingHeaderView.m in Sources */ = {isa = PBXBuildFile; fileRef = 6D8F4F301DBA84C700C44C5A /* FCSettingHeaderView.m */; };
		6D8F4F341DBA850500C44C5A /* FCGroupTableViewCell.m in Sources */ = {isa = PBXBuildFile; fileRef = 6D8F4F331DBA850500C44C5A /* FCGroupTableViewCell.m */; };
		6D8F4F371DBA862000C44C5A /* FCGroup.m in Sources */ = {isa = PBXBuildFile; fileRef = 6D8F4F361DBA862000C44C5A /* FCGroup.m */; };
		6D8F4F391DBA89EA00C44C5A /* FCSettingHeaderView.xib in Resources */ = {isa = PBXBuildFile; fileRef = 6D8F4F381DBA89EA00C44C5A /* FCSettingHeaderView.xib */; };
		6D8F4F3C1DBA9F6C00C44C5A /* FCAddChatViewController.m in Sources */ = {isa = PBXBuildFile; fileRef = 6D8F4F3B1DBA9F6C00C44C5A /* FCAddChatViewController.m */; };
		6D98A3E61DBB288B00A3F147 /* FCAlertController.m in Sources */ = {isa = PBXBuildFile; fileRef = 6D98A3E51DBB288B00A3F147 /* FCAlertController.m */; };
		6D98A3E91DBB32AA00A3F147 /* FCChangePasswordTableViewController.m in Sources */ = {isa = PBXBuildFile; fileRef = 6D98A3E81DBB32AA00A3F147 /* FCChangePasswordTableViewController.m */; };
		6D98A3EC1DBB369A00A3F147 /* FCEditProfileTableViewController.m in Sources */ = {isa = PBXBuildFile; fileRef = 6D98A3EB1DBB369A00A3F147 /* FCEditProfileTableViewController.m */; };
		6D98A3EF1DBB3E5500A3F147 /* FCContactTableViewCell.m in Sources */ = {isa = PBXBuildFile; fileRef = 6D98A3EE1DBB3E5500A3F147 /* FCContactTableViewCell.m */; };
		6D98A3F21DBB3E9C00A3F147 /* FCContactListViewController.m in Sources */ = {isa = PBXBuildFile; fileRef = 6D98A3F11DBB3E9C00A3F147 /* FCContactListViewController.m */; };
		6D98A3F51DBB4CFC00A3F147 /* FCRegisterTableViewController.m in Sources */ = {isa = PBXBuildFile; fileRef = 6D98A3F41DBB4CFC00A3F147 /* FCRegisterTableViewController.m */; };
		6D98A3FB1DBB583A00A3F147 /* NSString+FC.m in Sources */ = {isa = PBXBuildFile; fileRef = 6D98A3FA1DBB583A00A3F147 /* NSString+FC.m */; };
		6DC2528C1DC1095500DC7FF7 /* FCUser.m in Sources */ = {isa = PBXBuildFile; fileRef = 6DC2528B1DC1095500DC7FF7 /* FCUser.m */; };
		6DE7F81A1DC0D59300127C70 /* FCAPIService.m in Sources */ = {isa = PBXBuildFile; fileRef = 6DE7F8191DC0D59300127C70 /* FCAPIService.m */; };
		6DE7F81D1DC0E06A00127C70 /* FCProgressHUD.m in Sources */ = {isa = PBXBuildFile; fileRef = 6DE7F81C1DC0E06A00127C70 /* FCProgressHUD.m */; };
		6DEE39231DBA4483004A7EFE /* AppDelegate+FC.m in Sources */ = {isa = PBXBuildFile; fileRef = 6DEE39221DBA4483004A7EFE /* AppDelegate+FC.m */; };
		6DEE39261DBA4B82004A7EFE /* FCBaseViewController.m in Sources */ = {isa = PBXBuildFile; fileRef = 6DEE39251DBA4B82004A7EFE /* FCBaseViewController.m */; };
		6DEE39291DBA4BC6004A7EFE /* FCLoginViewController.m in Sources */ = {isa = PBXBuildFile; fileRef = 6DEE39281DBA4BC6004A7EFE /* FCLoginViewController.m */; };
		6DEE392C1DBA4BEB004A7EFE /* FCChatViewController.m in Sources */ = {isa = PBXBuildFile; fileRef = 6DEE392B1DBA4BEB004A7EFE /* FCChatViewController.m */; };
		6DEE392F1DBA4BF2004A7EFE /* FCGroupsViewController.m in Sources */ = {isa = PBXBuildFile; fileRef = 6DEE392E1DBA4BF2004A7EFE /* FCGroupsViewController.m */; };
		6DEE39321DBA4BF8004A7EFE /* FCSettingTableViewController.m in Sources */ = {isa = PBXBuildFile; fileRef = 6DEE39311DBA4BF8004A7EFE /* FCSettingTableViewController.m */; };
		6DEE39351DBA4C24004A7EFE /* FCTabBarViewController.m in Sources */ = {isa = PBXBuildFile; fileRef = 6DEE39341DBA4C24004A7EFE /* FCTabBarViewController.m */; };
		6DEE39381DBA522C004A7EFE /* FCChat.m in Sources */ = {isa = PBXBuildFile; fileRef = 6DEE39371DBA522C004A7EFE /* FCChat.m */; };
		6DEE393B1DBA528B004A7EFE /* FCObject.m in Sources */ = {isa = PBXBuildFile; fileRef = 6DEE393A1DBA528A004A7EFE /* FCObject.m */; };
		6DEE393E1DBA5625004A7EFE /* FCChatTableViewCell.m in Sources */ = {isa = PBXBuildFile; fileRef = 6DEE393D1DBA5625004A7EFE /* FCChatTableViewCell.m */; };
		6DEE39411DBA572E004A7EFE /* FCBaseTableViewCell.m in Sources */ = {isa = PBXBuildFile; fileRef = 6DEE39401DBA572E004A7EFE /* FCBaseTableViewCell.m */; };
		6DEE39441DBA593B004A7EFE /* UIImage+FC.m in Sources */ = {isa = PBXBuildFile; fileRef = 6DEE39431DBA593B004A7EFE /* UIImage+FC.m */; };
		6DEE39471DBA6A18004A7EFE /* FCMessagesViewController.m in Sources */ = {isa = PBXBuildFile; fileRef = 6DEE39461DBA6A18004A7EFE /* FCMessagesViewController.m */; };
		6DEE394A1DBA6AA9004A7EFE /* FCMessage.m in Sources */ = {isa = PBXBuildFile; fileRef = 6DEE39491DBA6AA9004A7EFE /* FCMessage.m */; };
		6DEE394D1DBA7C2F004A7EFE /* UIViewController+FC.m in Sources */ = {isa = PBXBuildFile; fileRef = 6DEE394C1DBA7C2F004A7EFE /* UIViewController+FC.m */; };
		6DFBE2541DC41120007F37F1 /* FCForgotPasswordTableViewController.m in Sources */ = {isa = PBXBuildFile; fileRef = 6DFBE2531DC41120007F37F1 /* FCForgotPasswordTableViewController.m */; };
/* End PBXBuildFile section */

/* Begin PBXFileReference section */
		288978DE991F85CCEA13BF59 /* Pods-FireChat.debug.xcconfig */ = {isa = PBXFileReference; includeInIndex = 1; lastKnownFileType = text.xcconfig; name = "Pods-FireChat.debug.xcconfig"; path = "Pods/Target Support Files/Pods-FireChat/Pods-FireChat.debug.xcconfig"; sourceTree = "<group>"; };
		61D3D3038F6D46BAD6EF3B7C /* Pods-FireChat.release.xcconfig */ = {isa = PBXFileReference; includeInIndex = 1; lastKnownFileType = text.xcconfig; name = "Pods-FireChat.release.xcconfig"; path = "Pods/Target Support Files/Pods-FireChat/Pods-FireChat.release.xcconfig"; sourceTree = "<group>"; };
		6D38E4451DB36A9800A30E88 /* FireChat.app */ = {isa = PBXFileReference; explicitFileType = wrapper.application; includeInIndex = 0; path = FireChat.app; sourceTree = BUILT_PRODUCTS_DIR; };
		6D38E44B1DB36A9800A30E88 /* AppDelegate.h */ = {isa = PBXFileReference; lastKnownFileType = sourcecode.c.h; path = AppDelegate.h; sourceTree = "<group>"; };
		6D38E44C1DB36A9800A30E88 /* AppDelegate.m */ = {isa = PBXFileReference; lastKnownFileType = sourcecode.c.objc; path = AppDelegate.m; sourceTree = "<group>"; };
		6D38E4541DB36A9900A30E88 /* Assets.xcassets */ = {isa = PBXFileReference; lastKnownFileType = folder.assetcatalog; path = Assets.xcassets; sourceTree = "<group>"; };
		6D38E4571DB36A9900A30E88 /* Base */ = {isa = PBXFileReference; lastKnownFileType = file.storyboard; name = Base; path = Base.lproj/LaunchScreen.storyboard; sourceTree = "<group>"; };
		6D38E4591DB36A9900A30E88 /* Info.plist */ = {isa = PBXFileReference; lastKnownFileType = text.plist.xml; path = Info.plist; sourceTree = "<group>"; };
		6D38E4671DB36B5E00A30E88 /* FCHomeViewController.h */ = {isa = PBXFileReference; fileEncoding = 4; lastKnownFileType = sourcecode.c.h; path = FCHomeViewController.h; sourceTree = "<group>"; };
		6D38E4681DB36B5E00A30E88 /* FCHomeViewController.m */ = {isa = PBXFileReference; fileEncoding = 4; lastKnownFileType = sourcecode.c.objc; path = FCHomeViewController.m; sourceTree = "<group>"; };
		6D38E46B1DB36DC500A30E88 /* Main.storyboard */ = {isa = PBXFileReference; fileEncoding = 4; lastKnownFileType = file.storyboard; path = Main.storyboard; sourceTree = "<group>"; };
		6D3D636A1DBA280A00DBBB5C /* UIColor+FC.h */ = {isa = PBXFileReference; fileEncoding = 4; lastKnownFileType = sourcecode.c.h; path = "UIColor+FC.h"; sourceTree = "<group>"; };
		6D3D636B1DBA280A00DBBB5C /* UIColor+FC.m */ = {isa = PBXFileReference; fileEncoding = 4; lastKnownFileType = sourcecode.c.objc; path = "UIColor+FC.m"; sourceTree = "<group>"; };
		6D3D636D1DBA2BD700DBBB5C /* FCRoundedButton.h */ = {isa = PBXFileReference; fileEncoding = 4; lastKnownFileType = sourcecode.c.h; path = FCRoundedButton.h; sourceTree = "<group>"; };
		6D3D636E1DBA2BD700DBBB5C /* FCRoundedButton.m */ = {isa = PBXFileReference; fileEncoding = 4; lastKnownFileType = sourcecode.c.objc; path = FCRoundedButton.m; sourceTree = "<group>"; };
		6D3D63711DBA2C7800DBBB5C /* main.m */ = {isa = PBXFileReference; fileEncoding = 4; lastKnownFileType = sourcecode.c.objc; path = main.m; sourceTree = "<group>"; };
		6D3D63741DBA2CBD00DBBB5C /* Prefix.pch */ = {isa = PBXFileReference; fileEncoding = 4; lastKnownFileType = sourcecode.c.h; path = Prefix.pch; sourceTree = "<group>"; };
		6D3D63751DBA3ECD00DBBB5C /* FCTextField.h */ = {isa = PBXFileReference; fileEncoding = 4; lastKnownFileType = sourcecode.c.h; path = FCTextField.h; sourceTree = "<group>"; };
		6D3D63761DBA3ECD00DBBB5C /* FCTextField.m */ = {isa = PBXFileReference; fileEncoding = 4; lastKnownFileType = sourcecode.c.objc; path = FCTextField.m; sourceTree = "<group>"; };
		6D6F80461DC3AFE900CE5102 /* FCPhotoMediaItem.h */ = {isa = PBXFileReference; fileEncoding = 4; lastKnownFileType = sourcecode.c.h; path = FCPhotoMediaItem.h; sourceTree = "<group>"; };
		6D6F80471DC3AFE900CE5102 /* FCPhotoMediaItem.m */ = {isa = PBXFileReference; fileEncoding = 4; lastKnownFileType = sourcecode.c.objc; path = FCPhotoMediaItem.m; sourceTree = "<group>"; };
		6D7D5B271DBE695000EC45ED /* GoogleService-Info.plist */ = {isa = PBXFileReference; fileEncoding = 4; lastKnownFileType = text.plist.xml; path = "GoogleService-Info.plist"; sourceTree = "<group>"; };
		6D8F4F2F1DBA84C700C44C5A /* FCSettingHeaderView.h */ = {isa = PBXFileReference; fileEncoding = 4; lastKnownFileType = sourcecode.c.h; path = FCSettingHeaderView.h; sourceTree = "<group>"; };
		6D8F4F301DBA84C700C44C5A /* FCSettingHeaderView.m */ = {isa = PBXFileReference; fileEncoding = 4; lastKnownFileType = sourcecode.c.objc; path = FCSettingHeaderView.m; sourceTree = "<group>"; };
		6D8F4F321DBA850500C44C5A /* FCGroupTableViewCell.h */ = {isa = PBXFileReference; fileEncoding = 4; lastKnownFileType = sourcecode.c.h; path = FCGroupTableViewCell.h; sourceTree = "<group>"; };
		6D8F4F331DBA850500C44C5A /* FCGroupTableViewCell.m */ = {isa = PBXFileReference; fileEncoding = 4; lastKnownFileType = sourcecode.c.objc; path = FCGroupTableViewCell.m; sourceTree = "<group>"; };
		6D8F4F351DBA862000C44C5A /* FCGroup.h */ = {isa = PBXFileReference; fileEncoding = 4; lastKnownFileType = sourcecode.c.h; path = FCGroup.h; sourceTree = "<group>"; };
		6D8F4F361DBA862000C44C5A /* FCGroup.m */ = {isa = PBXFileReference; fileEncoding = 4; lastKnownFileType = sourcecode.c.objc; path = FCGroup.m; sourceTree = "<group>"; };
		6D8F4F381DBA89EA00C44C5A /* FCSettingHeaderView.xib */ = {isa = PBXFileReference; fileEncoding = 4; lastKnownFileType = file.xib; path = FCSettingHeaderView.xib; sourceTree = "<group>"; };
		6D8F4F3A1DBA9F6C00C44C5A /* FCAddChatViewController.h */ = {isa = PBXFileReference; fileEncoding = 4; lastKnownFileType = sourcecode.c.h; path = FCAddChatViewController.h; sourceTree = "<group>"; };
		6D8F4F3B1DBA9F6C00C44C5A /* FCAddChatViewController.m */ = {isa = PBXFileReference; fileEncoding = 4; lastKnownFileType = sourcecode.c.objc; path = FCAddChatViewController.m; sourceTree = "<group>"; };
		6D98A3E41DBB288B00A3F147 /* FCAlertController.h */ = {isa = PBXFileReference; fileEncoding = 4; lastKnownFileType = sourcecode.c.h; path = FCAlertController.h; sourceTree = "<group>"; };
		6D98A3E51DBB288B00A3F147 /* FCAlertController.m */ = {isa = PBXFileReference; fileEncoding = 4; lastKnownFileType = sourcecode.c.objc; path = FCAlertController.m; sourceTree = "<group>"; };
		6D98A3E71DBB32AA00A3F147 /* FCChangePasswordTableViewController.h */ = {isa = PBXFileReference; fileEncoding = 4; lastKnownFileType = sourcecode.c.h; path = FCChangePasswordTableViewController.h; sourceTree = "<group>"; };
		6D98A3E81DBB32AA00A3F147 /* FCChangePasswordTableViewController.m */ = {isa = PBXFileReference; fileEncoding = 4; lastKnownFileType = sourcecode.c.objc; path = FCChangePasswordTableViewController.m; sourceTree = "<group>"; };
		6D98A3EA1DBB369A00A3F147 /* FCEditProfileTableViewController.h */ = {isa = PBXFileReference; fileEncoding = 4; lastKnownFileType = sourcecode.c.h; path = FCEditProfileTableViewController.h; sourceTree = "<group>"; };
		6D98A3EB1DBB369A00A3F147 /* FCEditProfileTableViewController.m */ = {isa = PBXFileReference; fileEncoding = 4; lastKnownFileType = sourcecode.c.objc; path = FCEditProfileTableViewController.m; sourceTree = "<group>"; };
		6D98A3ED1DBB3E5500A3F147 /* FCContactTableViewCell.h */ = {isa = PBXFileReference; fileEncoding = 4; lastKnownFileType = sourcecode.c.h; path = FCContactTableViewCell.h; sourceTree = "<group>"; };
		6D98A3EE1DBB3E5500A3F147 /* FCContactTableViewCell.m */ = {isa = PBXFileReference; fileEncoding = 4; lastKnownFileType = sourcecode.c.objc; path = FCContactTableViewCell.m; sourceTree = "<group>"; };
		6D98A3F01DBB3E9C00A3F147 /* FCContactListViewController.h */ = {isa = PBXFileReference; fileEncoding = 4; lastKnownFileType = sourcecode.c.h; path = FCContactListViewController.h; sourceTree = "<group>"; };
		6D98A3F11DBB3E9C00A3F147 /* FCContactListViewController.m */ = {isa = PBXFileReference; fileEncoding = 4; lastKnownFileType = sourcecode.c.objc; path = FCContactListViewController.m; sourceTree = "<group>"; };
		6D98A3F31DBB4CFC00A3F147 /* FCRegisterTableViewController.h */ = {isa = PBXFileReference; fileEncoding = 4; lastKnownFileType = sourcecode.c.h; path = FCRegisterTableViewController.h; sourceTree = "<group>"; };
		6D98A3F41DBB4CFC00A3F147 /* FCRegisterTableViewController.m */ = {isa = PBXFileReference; fileEncoding = 4; lastKnownFileType = sourcecode.c.objc; path = FCRegisterTableViewController.m; sourceTree = "<group>"; };
		6D98A3F91DBB583A00A3F147 /* NSString+FC.h */ = {isa = PBXFileReference; fileEncoding = 4; lastKnownFileType = sourcecode.c.h; path = "NSString+FC.h"; sourceTree = "<group>"; };
		6D98A3FA1DBB583A00A3F147 /* NSString+FC.m */ = {isa = PBXFileReference; fileEncoding = 4; lastKnownFileType = sourcecode.c.objc; path = "NSString+FC.m"; sourceTree = "<group>"; };
		6DC2528A1DC1095500DC7FF7 /* FCUser.h */ = {isa = PBXFileReference; fileEncoding = 4; lastKnownFileType = sourcecode.c.h; path = FCUser.h; sourceTree = "<group>"; };
		6DC2528B1DC1095500DC7FF7 /* FCUser.m */ = {isa = PBXFileReference; fileEncoding = 4; lastKnownFileType = sourcecode.c.objc; path = FCUser.m; sourceTree = "<group>"; };
		6DE7F8181DC0D59300127C70 /* FCAPIService.h */ = {isa = PBXFileReference; fileEncoding = 4; lastKnownFileType = sourcecode.c.h; path = FCAPIService.h; sourceTree = "<group>"; };
		6DE7F8191DC0D59300127C70 /* FCAPIService.m */ = {isa = PBXFileReference; fileEncoding = 4; lastKnownFileType = sourcecode.c.objc; path = FCAPIService.m; sourceTree = "<group>"; };
		6DE7F81B1DC0E06A00127C70 /* FCProgressHUD.h */ = {isa = PBXFileReference; fileEncoding = 4; lastKnownFileType = sourcecode.c.h; path = FCProgressHUD.h; sourceTree = "<group>"; };
		6DE7F81C1DC0E06A00127C70 /* FCProgressHUD.m */ = {isa = PBXFileReference; fileEncoding = 4; lastKnownFileType = sourcecode.c.objc; path = FCProgressHUD.m; sourceTree = "<group>"; };
		6DEE39211DBA4483004A7EFE /* AppDelegate+FC.h */ = {isa = PBXFileReference; fileEncoding = 4; lastKnownFileType = sourcecode.c.h; path = "AppDelegate+FC.h"; sourceTree = "<group>"; };
		6DEE39221DBA4483004A7EFE /* AppDelegate+FC.m */ = {isa = PBXFileReference; fileEncoding = 4; lastKnownFileType = sourcecode.c.objc; path = "AppDelegate+FC.m"; sourceTree = "<group>"; };
		6DEE39241DBA4B82004A7EFE /* FCBaseViewController.h */ = {isa = PBXFileReference; fileEncoding = 4; lastKnownFileType = sourcecode.c.h; path = FCBaseViewController.h; sourceTree = "<group>"; };
		6DEE39251DBA4B82004A7EFE /* FCBaseViewController.m */ = {isa = PBXFileReference; fileEncoding = 4; lastKnownFileType = sourcecode.c.objc; path = FCBaseViewController.m; sourceTree = "<group>"; };
		6DEE39271DBA4BC6004A7EFE /* FCLoginViewController.h */ = {isa = PBXFileReference; fileEncoding = 4; lastKnownFileType = sourcecode.c.h; path = FCLoginViewController.h; sourceTree = "<group>"; };
		6DEE39281DBA4BC6004A7EFE /* FCLoginViewController.m */ = {isa = PBXFileReference; fileEncoding = 4; lastKnownFileType = sourcecode.c.objc; path = FCLoginViewController.m; sourceTree = "<group>"; };
		6DEE392A1DBA4BEB004A7EFE /* FCChatViewController.h */ = {isa = PBXFileReference; fileEncoding = 4; lastKnownFileType = sourcecode.c.h; path = FCChatViewController.h; sourceTree = "<group>"; };
		6DEE392B1DBA4BEB004A7EFE /* FCChatViewController.m */ = {isa = PBXFileReference; fileEncoding = 4; lastKnownFileType = sourcecode.c.objc; path = FCChatViewController.m; sourceTree = "<group>"; };
		6DEE392D1DBA4BF2004A7EFE /* FCGroupsViewController.h */ = {isa = PBXFileReference; fileEncoding = 4; lastKnownFileType = sourcecode.c.h; path = FCGroupsViewController.h; sourceTree = "<group>"; };
		6DEE392E1DBA4BF2004A7EFE /* FCGroupsViewController.m */ = {isa = PBXFileReference; fileEncoding = 4; lastKnownFileType = sourcecode.c.objc; path = FCGroupsViewController.m; sourceTree = "<group>"; };
		6DEE39301DBA4BF8004A7EFE /* FCSettingTableViewController.h */ = {isa = PBXFileReference; fileEncoding = 4; lastKnownFileType = sourcecode.c.h; path = FCSettingTableViewController.h; sourceTree = "<group>"; };
		6DEE39311DBA4BF8004A7EFE /* FCSettingTableViewController.m */ = {isa = PBXFileReference; fileEncoding = 4; lastKnownFileType = sourcecode.c.objc; path = FCSettingTableViewController.m; sourceTree = "<group>"; };
		6DEE39331DBA4C24004A7EFE /* FCTabBarViewController.h */ = {isa = PBXFileReference; fileEncoding = 4; lastKnownFileType = sourcecode.c.h; path = FCTabBarViewController.h; sourceTree = "<group>"; };
		6DEE39341DBA4C24004A7EFE /* FCTabBarViewController.m */ = {isa = PBXFileReference; fileEncoding = 4; lastKnownFileType = sourcecode.c.objc; path = FCTabBarViewController.m; sourceTree = "<group>"; };
		6DEE39361DBA522C004A7EFE /* FCChat.h */ = {isa = PBXFileReference; fileEncoding = 4; lastKnownFileType = sourcecode.c.h; path = FCChat.h; sourceTree = "<group>"; };
		6DEE39371DBA522C004A7EFE /* FCChat.m */ = {isa = PBXFileReference; fileEncoding = 4; lastKnownFileType = sourcecode.c.objc; path = FCChat.m; sourceTree = "<group>"; };
		6DEE39391DBA528A004A7EFE /* FCObject.h */ = {isa = PBXFileReference; fileEncoding = 4; lastKnownFileType = sourcecode.c.h; path = FCObject.h; sourceTree = "<group>"; };
		6DEE393A1DBA528A004A7EFE /* FCObject.m */ = {isa = PBXFileReference; fileEncoding = 4; lastKnownFileType = sourcecode.c.objc; path = FCObject.m; sourceTree = "<group>"; };
		6DEE393C1DBA5625004A7EFE /* FCChatTableViewCell.h */ = {isa = PBXFileReference; fileEncoding = 4; lastKnownFileType = sourcecode.c.h; path = FCChatTableViewCell.h; sourceTree = "<group>"; };
		6DEE393D1DBA5625004A7EFE /* FCChatTableViewCell.m */ = {isa = PBXFileReference; fileEncoding = 4; lastKnownFileType = sourcecode.c.objc; path = FCChatTableViewCell.m; sourceTree = "<group>"; };
		6DEE393F1DBA572E004A7EFE /* FCBaseTableViewCell.h */ = {isa = PBXFileReference; fileEncoding = 4; lastKnownFileType = sourcecode.c.h; path = FCBaseTableViewCell.h; sourceTree = "<group>"; };
		6DEE39401DBA572E004A7EFE /* FCBaseTableViewCell.m */ = {isa = PBXFileReference; fileEncoding = 4; lastKnownFileType = sourcecode.c.objc; path = FCBaseTableViewCell.m; sourceTree = "<group>"; };
		6DEE39421DBA593B004A7EFE /* UIImage+FC.h */ = {isa = PBXFileReference; fileEncoding = 4; lastKnownFileType = sourcecode.c.h; path = "UIImage+FC.h"; sourceTree = "<group>"; };
		6DEE39431DBA593B004A7EFE /* UIImage+FC.m */ = {isa = PBXFileReference; fileEncoding = 4; lastKnownFileType = sourcecode.c.objc; path = "UIImage+FC.m"; sourceTree = "<group>"; };
		6DEE39451DBA6A18004A7EFE /* FCMessagesViewController.h */ = {isa = PBXFileReference; fileEncoding = 4; lastKnownFileType = sourcecode.c.h; path = FCMessagesViewController.h; sourceTree = "<group>"; };
		6DEE39461DBA6A18004A7EFE /* FCMessagesViewController.m */ = {isa = PBXFileReference; fileEncoding = 4; lastKnownFileType = sourcecode.c.objc; path = FCMessagesViewController.m; sourceTree = "<group>"; };
		6DEE39481DBA6AA9004A7EFE /* FCMessage.h */ = {isa = PBXFileReference; fileEncoding = 4; lastKnownFileType = sourcecode.c.h; path = FCMessage.h; sourceTree = "<group>"; };
		6DEE39491DBA6AA9004A7EFE /* FCMessage.m */ = {isa = PBXFileReference; fileEncoding = 4; lastKnownFileType = sourcecode.c.objc; path = FCMessage.m; sourceTree = "<group>"; };
		6DEE394B1DBA7C2F004A7EFE /* UIViewController+FC.h */ = {isa = PBXFileReference; fileEncoding = 4; lastKnownFileType = sourcecode.c.h; path = "UIViewController+FC.h"; sourceTree = "<group>"; };
		6DEE394C1DBA7C2F004A7EFE /* UIViewController+FC.m */ = {isa = PBXFileReference; fileEncoding = 4; lastKnownFileType = sourcecode.c.objc; path = "UIViewController+FC.m"; sourceTree = "<group>"; };
		6DFBE2521DC41120007F37F1 /* FCForgotPasswordTableViewController.h */ = {isa = PBXFileReference; fileEncoding = 4; lastKnownFileType = sourcecode.c.h; path = FCForgotPasswordTableViewController.h; sourceTree = "<group>"; };
		6DFBE2531DC41120007F37F1 /* FCForgotPasswordTableViewController.m */ = {isa = PBXFileReference; fileEncoding = 4; lastKnownFileType = sourcecode.c.objc; path = FCForgotPasswordTableViewController.m; sourceTree = "<group>"; };
		8B5CC8B92A182F9627708111 /* Pods_FireChat.framework */ = {isa = PBXFileReference; explicitFileType = wrapper.framework; includeInIndex = 0; path = Pods_FireChat.framework; sourceTree = BUILT_PRODUCTS_DIR; };
/* End PBXFileReference section */

/* Begin PBXFrameworksBuildPhase section */
		6D38E4421DB36A9800A30E88 /* Frameworks */ = {
			isa = PBXFrameworksBuildPhase;
			buildActionMask = 2147483647;
			files = (
				5E7B8439D25B13BED8254AE9 /* Pods_FireChat.framework in Frameworks */,
			);
			runOnlyForDeploymentPostprocessing = 0;
		};
/* End PBXFrameworksBuildPhase section */

/* Begin PBXGroup section */
		445F524633769E2ADD4FED4B /* Pods */ = {
			isa = PBXGroup;
			children = (
				288978DE991F85CCEA13BF59 /* Pods-FireChat.debug.xcconfig */,
				61D3D3038F6D46BAD6EF3B7C /* Pods-FireChat.release.xcconfig */,
			);
			name = Pods;
			sourceTree = "<group>";
		};
		6D38E43C1DB36A9800A30E88 = {
			isa = PBXGroup;
			children = (
				6D38E4471DB36A9800A30E88 /* FireChat */,
				6D38E4461DB36A9800A30E88 /* Products */,
				445F524633769E2ADD4FED4B /* Pods */,
				73EC6615D750997039662B2B /* Frameworks */,
			);
			sourceTree = "<group>";
		};
		6D38E4461DB36A9800A30E88 /* Products */ = {
			isa = PBXGroup;
			children = (
				6D38E4451DB36A9800A30E88 /* FireChat.app */,
			);
			name = Products;
			sourceTree = "<group>";
		};
		6D38E4471DB36A9800A30E88 /* FireChat */ = {
			isa = PBXGroup;
			children = (
				6D38E4631DB36AB400A30E88 /* Utils */,
				6D38E4601DB36AB400A30E88 /* Models */,
				6D38E45F1DB36AB400A30E88 /* Controllers */,
				6D38E4651DB36AB400A30E88 /* Views */,
				6D38E46A1DB36DBD00A30E88 /* Resources */,
				6D38E44B1DB36A9800A30E88 /* AppDelegate.h */,
				6D38E44C1DB36A9800A30E88 /* AppDelegate.m */,
				6D38E4541DB36A9900A30E88 /* Assets.xcassets */,
				6D38E4561DB36A9900A30E88 /* LaunchScreen.storyboard */,
				6D38E4591DB36A9900A30E88 /* Info.plist */,
				6D38E4481DB36A9800A30E88 /* Supporting Files */,
			);
			path = FireChat;
			sourceTree = "<group>";
		};
		6D38E4481DB36A9800A30E88 /* Supporting Files */ = {
			isa = PBXGroup;
			children = (
				6D7D5B271DBE695000EC45ED /* GoogleService-Info.plist */,
				6D3D63741DBA2CBD00DBBB5C /* Prefix.pch */,
				6D3D63711DBA2C7800DBBB5C /* main.m */,
			);
			path = "Supporting Files";
			sourceTree = "<group>";
		};
		6D38E45F1DB36AB400A30E88 /* Controllers */ = {
			isa = PBXGroup;
			children = (
				6D98A3E41DBB288B00A3F147 /* FCAlertController.h */,
				6D98A3E51DBB288B00A3F147 /* FCAlertController.m */,
				6DEE39241DBA4B82004A7EFE /* FCBaseViewController.h */,
				6DEE39251DBA4B82004A7EFE /* FCBaseViewController.m */,
				6DEE39271DBA4BC6004A7EFE /* FCLoginViewController.h */,
				6DEE39281DBA4BC6004A7EFE /* FCLoginViewController.m */,
				6D98A3F31DBB4CFC00A3F147 /* FCRegisterTableViewController.h */,
				6D98A3F41DBB4CFC00A3F147 /* FCRegisterTableViewController.m */,
				6D38E4671DB36B5E00A30E88 /* FCHomeViewController.h */,
				6D38E4681DB36B5E00A30E88 /* FCHomeViewController.m */,
				6DEE392A1DBA4BEB004A7EFE /* FCChatViewController.h */,
				6DEE392B1DBA4BEB004A7EFE /* FCChatViewController.m */,
				6DEE392D1DBA4BF2004A7EFE /* FCGroupsViewController.h */,
				6DEE392E1DBA4BF2004A7EFE /* FCGroupsViewController.m */,
				6DEE39301DBA4BF8004A7EFE /* FCSettingTableViewController.h */,
				6DEE39311DBA4BF8004A7EFE /* FCSettingTableViewController.m */,
				6DEE39331DBA4C24004A7EFE /* FCTabBarViewController.h */,
				6DEE39341DBA4C24004A7EFE /* FCTabBarViewController.m */,
				6DEE39451DBA6A18004A7EFE /* FCMessagesViewController.h */,
				6DEE39461DBA6A18004A7EFE /* FCMessagesViewController.m */,
				6D8F4F3A1DBA9F6C00C44C5A /* FCAddChatViewController.h */,
				6D8F4F3B1DBA9F6C00C44C5A /* FCAddChatViewController.m */,
				6D98A3E71DBB32AA00A3F147 /* FCChangePasswordTableViewController.h */,
				6D98A3E81DBB32AA00A3F147 /* FCChangePasswordTableViewController.m */,
				6D98A3EA1DBB369A00A3F147 /* FCEditProfileTableViewController.h */,
				6D98A3EB1DBB369A00A3F147 /* FCEditProfileTableViewController.m */,
				6D98A3F01DBB3E9C00A3F147 /* FCContactListViewController.h */,
				6D98A3F11DBB3E9C00A3F147 /* FCContactListViewController.m */,
				6DFBE2521DC41120007F37F1 /* FCForgotPasswordTableViewController.h */,
				6DFBE2531DC41120007F37F1 /* FCForgotPasswordTableViewController.m */,
			);
			path = Controllers;
			sourceTree = "<group>";
		};
		6D38E4601DB36AB400A30E88 /* Models */ = {
			isa = PBXGroup;
			children = (
				6D38E4611DB36AB400A30E88 /* Business */,
				6D38E4621DB36AB400A30E88 /* DataAccess */,
			);
			path = Models;
			sourceTree = "<group>";
		};
		6D38E4611DB36AB400A30E88 /* Business */ = {
			isa = PBXGroup;
			children = (
				6DEE39391DBA528A004A7EFE /* FCObject.h */,
				6DEE393A1DBA528A004A7EFE /* FCObject.m */,
				6DEE39361DBA522C004A7EFE /* FCChat.h */,
				6DEE39371DBA522C004A7EFE /* FCChat.m */,
				6D8F4F351DBA862000C44C5A /* FCGroup.h */,
				6D8F4F361DBA862000C44C5A /* FCGroup.m */,
				6DEE39481DBA6AA9004A7EFE /* FCMessage.h */,
				6DEE39491DBA6AA9004A7EFE /* FCMessage.m */,
				6DC2528A1DC1095500DC7FF7 /* FCUser.h */,
				6DC2528B1DC1095500DC7FF7 /* FCUser.m */,
				6D6F80461DC3AFE900CE5102 /* FCPhotoMediaItem.h */,
				6D6F80471DC3AFE900CE5102 /* FCPhotoMediaItem.m */,
			);
			path = Business;
			sourceTree = "<group>";
		};
		6D38E4621DB36AB400A30E88 /* DataAccess */ = {
			isa = PBXGroup;
			children = (
				6DE7F8171DC0D57300127C70 /* Network */,
			);
			path = DataAccess;
			sourceTree = "<group>";
		};
		6D38E4631DB36AB400A30E88 /* Utils */ = {
			isa = PBXGroup;
			children = (
				6D38E4641DB36AB400A30E88 /* Categories */,
			);
			path = Utils;
			sourceTree = "<group>";
		};
		6D38E4641DB36AB400A30E88 /* Categories */ = {
			isa = PBXGroup;
			children = (
				6D3D636A1DBA280A00DBBB5C /* UIColor+FC.h */,
				6D3D636B1DBA280A00DBBB5C /* UIColor+FC.m */,
				6DEE39211DBA4483004A7EFE /* AppDelegate+FC.h */,
				6DEE39221DBA4483004A7EFE /* AppDelegate+FC.m */,
				6DEE39421DBA593B004A7EFE /* UIImage+FC.h */,
				6DEE39431DBA593B004A7EFE /* UIImage+FC.m */,
				6DEE394B1DBA7C2F004A7EFE /* UIViewController+FC.h */,
				6DEE394C1DBA7C2F004A7EFE /* UIViewController+FC.m */,
				6D98A3F91DBB583A00A3F147 /* NSString+FC.h */,
				6D98A3FA1DBB583A00A3F147 /* NSString+FC.m */,
			);
			path = Categories;
			sourceTree = "<group>";
		};
		6D38E4651DB36AB400A30E88 /* Views */ = {
			isa = PBXGroup;
			children = (
				6D38E4661DB36AB400A30E88 /* Cells */,
				6D3D636D1DBA2BD700DBBB5C /* FCRoundedButton.h */,
				6D3D636E1DBA2BD700DBBB5C /* FCRoundedButton.m */,
				6D3D63751DBA3ECD00DBBB5C /* FCTextField.h */,
				6D3D63761DBA3ECD00DBBB5C /* FCTextField.m */,
				6D8F4F2F1DBA84C700C44C5A /* FCSettingHeaderView.h */,
				6D8F4F301DBA84C700C44C5A /* FCSettingHeaderView.m */,
				6D8F4F381DBA89EA00C44C5A /* FCSettingHeaderView.xib */,
				6DE7F81B1DC0E06A00127C70 /* FCProgressHUD.h */,
				6DE7F81C1DC0E06A00127C70 /* FCProgressHUD.m */,
			);
			path = Views;
			sourceTree = "<group>";
		};
		6D38E4661DB36AB400A30E88 /* Cells */ = {
			isa = PBXGroup;
			children = (
				6DEE393F1DBA572E004A7EFE /* FCBaseTableViewCell.h */,
				6DEE39401DBA572E004A7EFE /* FCBaseTableViewCell.m */,
				6DEE393C1DBA5625004A7EFE /* FCChatTableViewCell.h */,
				6DEE393D1DBA5625004A7EFE /* FCChatTableViewCell.m */,
				6D8F4F321DBA850500C44C5A /* FCGroupTableViewCell.h */,
				6D8F4F331DBA850500C44C5A /* FCGroupTableViewCell.m */,
				6D98A3ED1DBB3E5500A3F147 /* FCContactTableViewCell.h */,
				6D98A3EE1DBB3E5500A3F147 /* FCContactTableViewCell.m */,
			);
			path = Cells;
			sourceTree = "<group>";
		};
		6D38E46A1DB36DBD00A30E88 /* Resources */ = {
			isa = PBXGroup;
			children = (
				6D38E46B1DB36DC500A30E88 /* Main.storyboard */,
			);
			path = Resources;
			sourceTree = "<group>";
		};
		6DE7F8171DC0D57300127C70 /* Network */ = {
			isa = PBXGroup;
			children = (
				6DE7F8181DC0D59300127C70 /* FCAPIService.h */,
				6DE7F8191DC0D59300127C70 /* FCAPIService.m */,
			);
			path = Network;
			sourceTree = "<group>";
		};
		73EC6615D750997039662B2B /* Frameworks */ = {
			isa = PBXGroup;
			children = (
				8B5CC8B92A182F9627708111 /* Pods_FireChat.framework */,
			);
			name = Frameworks;
			sourceTree = "<group>";
		};
/* End PBXGroup section */

/* Begin PBXNativeTarget section */
		6D38E4441DB36A9800A30E88 /* FireChat */ = {
			isa = PBXNativeTarget;
			buildConfigurationList = 6D38E45C1DB36A9900A30E88 /* Build configuration list for PBXNativeTarget "FireChat" */;
			buildPhases = (
				9327CED13DE5C512E2BA3DE1 /* [CP] Check Pods Manifest.lock */,
				6D38E4411DB36A9800A30E88 /* Sources */,
				6D38E4421DB36A9800A30E88 /* Frameworks */,
				6D38E4431DB36A9800A30E88 /* Resources */,
				5224A9766A6D0DC86BCDD2CB /* [CP] Embed Pods Frameworks */,
				DC0E29C9ABFE5A61CB2F7F1B /* [CP] Copy Pods Resources */,
			);
			buildRules = (
			);
			dependencies = (
			);
			name = FireChat;
			productName = FireChat;
			productReference = 6D38E4451DB36A9800A30E88 /* FireChat.app */;
			productType = "com.apple.product-type.application";
		};
/* End PBXNativeTarget section */

/* Begin PBXProject section */
		6D38E43D1DB36A9800A30E88 /* Project object */ = {
			isa = PBXProject;
			attributes = {
				CLASSPREFIX = FC;
				LastUpgradeCheck = 0730;
				ORGANIZATIONNAME = "Sokna Ly";
				TargetAttributes = {
					6D38E4441DB36A9800A30E88 = {
						CreatedOnToolsVersion = 7.3.1;
						DevelopmentTeam = XRJJ9X9K2D;
					};
				};
			};
			buildConfigurationList = 6D38E4401DB36A9800A30E88 /* Build configuration list for PBXProject "FireChat" */;
			compatibilityVersion = "Xcode 3.2";
			developmentRegion = English;
			hasScannedForEncodings = 0;
			knownRegions = (
				en,
				Base,
			);
			mainGroup = 6D38E43C1DB36A9800A30E88;
			productRefGroup = 6D38E4461DB36A9800A30E88 /* Products */;
			projectDirPath = "";
			projectRoot = "";
			targets = (
				6D38E4441DB36A9800A30E88 /* FireChat */,
			);
		};
/* End PBXProject section */

/* Begin PBXResourcesBuildPhase section */
		6D38E4431DB36A9800A30E88 /* Resources */ = {
			isa = PBXResourcesBuildPhase;
			buildActionMask = 2147483647;
			files = (
				6D38E46C1DB36DC500A30E88 /* Main.storyboard in Resources */,
				6D38E4581DB36A9900A30E88 /* LaunchScreen.storyboard in Resources */,
				6D7D5B281DBE695000EC45ED /* GoogleService-Info.plist in Resources */,
				6D38E4551DB36A9900A30E88 /* Assets.xcassets in Resources */,
				6D8F4F391DBA89EA00C44C5A /* FCSettingHeaderView.xib in Resources */,
			);
			runOnlyForDeploymentPostprocessing = 0;
		};
/* End PBXResourcesBuildPhase section */

/* Begin PBXShellScriptBuildPhase section */
		5224A9766A6D0DC86BCDD2CB /* [CP] Embed Pods Frameworks */ = {
			isa = PBXShellScriptBuildPhase;
			buildActionMask = 2147483647;
			files = (
			);
			inputPaths = (
			);
			name = "[CP] Embed Pods Frameworks";
			outputPaths = (
			);
			runOnlyForDeploymentPostprocessing = 0;
			shellPath = /bin/sh;
			shellScript = "\"${SRCROOT}/Pods/Target Support Files/Pods-FireChat/Pods-FireChat-frameworks.sh\"\n";
			showEnvVarsInLog = 0;
		};
		9327CED13DE5C512E2BA3DE1 /* [CP] Check Pods Manifest.lock */ = {
			isa = PBXShellScriptBuildPhase;
			buildActionMask = 2147483647;
			files = (
			);
			inputPaths = (
			);
			name = "[CP] Check Pods Manifest.lock";
			outputPaths = (
			);
			runOnlyForDeploymentPostprocessing = 0;
			shellPath = /bin/sh;
			shellScript = "diff \"${PODS_ROOT}/../Podfile.lock\" \"${PODS_ROOT}/Manifest.lock\" > /dev/null\nif [[ $? != 0 ]] ; then\n    cat << EOM\nerror: The sandbox is not in sync with the Podfile.lock. Run 'pod install' or update your CocoaPods installation.\nEOM\n    exit 1\nfi\n";
			showEnvVarsInLog = 0;
		};
		DC0E29C9ABFE5A61CB2F7F1B /* [CP] Copy Pods Resources */ = {
			isa = PBXShellScriptBuildPhase;
			buildActionMask = 2147483647;
			files = (
			);
			inputPaths = (
			);
			name = "[CP] Copy Pods Resources";
			outputPaths = (
			);
			runOnlyForDeploymentPostprocessing = 0;
			shellPath = /bin/sh;
			shellScript = "\"${SRCROOT}/Pods/Target Support Files/Pods-FireChat/Pods-FireChat-resources.sh\"\n";
			showEnvVarsInLog = 0;
		};
/* End PBXShellScriptBuildPhase section */

/* Begin PBXSourcesBuildPhase section */
		6D38E4411DB36A9800A30E88 /* Sources */ = {
			isa = PBXSourcesBuildPhase;
			buildActionMask = 2147483647;
			files = (
				6D98A3EC1DBB369A00A3F147 /* FCEditProfileTableViewController.m in Sources */,
				6D3D63721DBA2C7800DBBB5C /* main.m in Sources */,
				6DEE392C1DBA4BEB004A7EFE /* FCChatViewController.m in Sources */,
				6D8F4F371DBA862000C44C5A /* FCGroup.m in Sources */,
				6D8F4F3C1DBA9F6C00C44C5A /* FCAddChatViewController.m in Sources */,
				6D3D636C1DBA280A00DBBB5C /* UIColor+FC.m in Sources */,
				6D98A3EF1DBB3E5500A3F147 /* FCContactTableViewCell.m in Sources */,
				6DEE392F1DBA4BF2004A7EFE /* FCGroupsViewController.m in Sources */,
				6D98A3E61DBB288B00A3F147 /* FCAlertController.m in Sources */,
				6DEE39471DBA6A18004A7EFE /* FCMessagesViewController.m in Sources */,
				6D98A3F21DBB3E9C00A3F147 /* FCContactListViewController.m in Sources */,
				6DEE394D1DBA7C2F004A7EFE /* UIViewController+FC.m in Sources */,
				6D8F4F341DBA850500C44C5A /* FCGroupTableViewCell.m in Sources */,
				6DEE393B1DBA528B004A7EFE /* FCObject.m in Sources */,
				6DC2528C1DC1095500DC7FF7 /* FCUser.m in Sources */,
				6D3D63771DBA3ECD00DBBB5C /* FCTextField.m in Sources */,
				6DEE39231DBA4483004A7EFE /* AppDelegate+FC.m in Sources */,
				6DEE394A1DBA6AA9004A7EFE /* FCMessage.m in Sources */,
				6DEE39381DBA522C004A7EFE /* FCChat.m in Sources */,
				6D98A3E91DBB32AA00A3F147 /* FCChangePasswordTableViewController.m in Sources */,
				6DEE39411DBA572E004A7EFE /* FCBaseTableViewCell.m in Sources */,
				6D98A3FB1DBB583A00A3F147 /* NSString+FC.m in Sources */,
				6DE7F81A1DC0D59300127C70 /* FCAPIService.m in Sources */,
				6DEE39261DBA4B82004A7EFE /* FCBaseViewController.m in Sources */,
				6DE7F81D1DC0E06A00127C70 /* FCProgressHUD.m in Sources */,
				6DEE39441DBA593B004A7EFE /* UIImage+FC.m in Sources */,
				6DEE39351DBA4C24004A7EFE /* FCTabBarViewController.m in Sources */,
				6D98A3F51DBB4CFC00A3F147 /* FCRegisterTableViewController.m in Sources */,
				6D3D636F1DBA2BD700DBBB5C /* FCRoundedButton.m in Sources */,
				6DEE39291DBA4BC6004A7EFE /* FCLoginViewController.m in Sources */,
				6DEE393E1DBA5625004A7EFE /* FCChatTableViewCell.m in Sources */,
				6D38E44D1DB36A9800A30E88 /* AppDelegate.m in Sources */,
				6DFBE2541DC41120007F37F1 /* FCForgotPasswordTableViewController.m in Sources */,
				6DEE39321DBA4BF8004A7EFE /* FCSettingTableViewController.m in Sources */,
				6D38E4691DB36B5E00A30E88 /* FCHomeViewController.m in Sources */,
				6D8F4F311DBA84C700C44C5A /* FCSettingHeaderView.m in Sources */,
				6D6F80481DC3AFE900CE5102 /* FCPhotoMediaItem.m in Sources */,
			);
			runOnlyForDeploymentPostprocessing = 0;
		};
/* End PBXSourcesBuildPhase section */

/* Begin PBXVariantGroup section */
		6D38E4561DB36A9900A30E88 /* LaunchScreen.storyboard */ = {
			isa = PBXVariantGroup;
			children = (
				6D38E4571DB36A9900A30E88 /* Base */,
			);
			name = LaunchScreen.storyboard;
			sourceTree = "<group>";
		};
/* End PBXVariantGroup section */

/* Begin XCBuildConfiguration section */
		6D38E45A1DB36A9900A30E88 /* Debug */ = {
			isa = XCBuildConfiguration;
			buildSettings = {
				ALWAYS_SEARCH_USER_PATHS = NO;
				CLANG_ANALYZER_NONNULL = YES;
				CLANG_CXX_LANGUAGE_STANDARD = "gnu++0x";
				CLANG_CXX_LIBRARY = "libc++";
				CLANG_ENABLE_MODULES = YES;
				CLANG_ENABLE_OBJC_ARC = YES;
				CLANG_WARN_BOOL_CONVERSION = YES;
				CLANG_WARN_CONSTANT_CONVERSION = YES;
				CLANG_WARN_DIRECT_OBJC_ISA_USAGE = YES_ERROR;
				CLANG_WARN_EMPTY_BODY = YES;
				CLANG_WARN_ENUM_CONVERSION = YES;
				CLANG_WARN_INT_CONVERSION = YES;
				CLANG_WARN_OBJC_ROOT_CLASS = YES_ERROR;
				CLANG_WARN_UNREACHABLE_CODE = YES;
				CLANG_WARN__DUPLICATE_METHOD_MATCH = YES;
				"CODE_SIGN_IDENTITY[sdk=iphoneos*]" = "iPhone Developer";
				COPY_PHASE_STRIP = NO;
				DEBUG_INFORMATION_FORMAT = dwarf;
				ENABLE_STRICT_OBJC_MSGSEND = YES;
				ENABLE_TESTABILITY = YES;
				GCC_C_LANGUAGE_STANDARD = gnu99;
				GCC_DYNAMIC_NO_PIC = NO;
				GCC_NO_COMMON_BLOCKS = YES;
				GCC_OPTIMIZATION_LEVEL = 0;
				GCC_PREPROCESSOR_DEFINITIONS = (
					"DEBUG=1",
					"$(inherited)",
				);
				GCC_WARN_64_TO_32_BIT_CONVERSION = YES;
				GCC_WARN_ABOUT_RETURN_TYPE = YES_ERROR;
				GCC_WARN_UNDECLARED_SELECTOR = YES;
				GCC_WARN_UNINITIALIZED_AUTOS = YES_AGGRESSIVE;
				GCC_WARN_UNUSED_FUNCTION = YES;
				GCC_WARN_UNUSED_VARIABLE = YES;
				IPHONEOS_DEPLOYMENT_TARGET = 9.3;
				MTL_ENABLE_DEBUG_INFO = YES;
				ONLY_ACTIVE_ARCH = YES;
				SDKROOT = iphoneos;
			};
			name = Debug;
		};
		6D38E45B1DB36A9900A30E88 /* Release */ = {
			isa = XCBuildConfiguration;
			buildSettings = {
				ALWAYS_SEARCH_USER_PATHS = NO;
				CLANG_ANALYZER_NONNULL = YES;
				CLANG_CXX_LANGUAGE_STANDARD = "gnu++0x";
				CLANG_CXX_LIBRARY = "libc++";
				CLANG_ENABLE_MODULES = YES;
				CLANG_ENABLE_OBJC_ARC = YES;
				CLANG_WARN_BOOL_CONVERSION = YES;
				CLANG_WARN_CONSTANT_CONVERSION = YES;
				CLANG_WARN_DIRECT_OBJC_ISA_USAGE = YES_ERROR;
				CLANG_WARN_EMPTY_BODY = YES;
				CLANG_WARN_ENUM_CONVERSION = YES;
				CLANG_WARN_INT_CONVERSION = YES;
				CLANG_WARN_OBJC_ROOT_CLASS = YES_ERROR;
				CLANG_WARN_UNREACHABLE_CODE = YES;
				CLANG_WARN__DUPLICATE_METHOD_MATCH = YES;
				"CODE_SIGN_IDENTITY[sdk=iphoneos*]" = "iPhone Developer";
				COPY_PHASE_STRIP = NO;
				DEBUG_INFORMATION_FORMAT = "dwarf-with-dsym";
				ENABLE_NS_ASSERTIONS = NO;
				ENABLE_STRICT_OBJC_MSGSEND = YES;
				GCC_C_LANGUAGE_STANDARD = gnu99;
				GCC_NO_COMMON_BLOCKS = YES;
				GCC_WARN_64_TO_32_BIT_CONVERSION = YES;
				GCC_WARN_ABOUT_RETURN_TYPE = YES_ERROR;
				GCC_WARN_UNDECLARED_SELECTOR = YES;
				GCC_WARN_UNINITIALIZED_AUTOS = YES_AGGRESSIVE;
				GCC_WARN_UNUSED_FUNCTION = YES;
				GCC_WARN_UNUSED_VARIABLE = YES;
				IPHONEOS_DEPLOYMENT_TARGET = 9.3;
				MTL_ENABLE_DEBUG_INFO = NO;
				SDKROOT = iphoneos;
				VALIDATE_PRODUCT = YES;
			};
			name = Release;
		};
		6D38E45D1DB36A9900A30E88 /* Debug */ = {
			isa = XCBuildConfiguration;
			baseConfigurationReference = 288978DE991F85CCEA13BF59 /* Pods-FireChat.debug.xcconfig */;
			buildSettings = {
				ASSETCATALOG_COMPILER_APPICON_NAME = AppIcon;
				CODE_SIGN_IDENTITY = "iPhone Developer";
				GCC_PRECOMPILE_PREFIX_HEADER = YES;
				GCC_PREFIX_HEADER = "FireChat/Supporting Files/Prefix.pch";
				INFOPLIST_FILE = FireChat/Info.plist;
				LD_RUNPATH_SEARCH_PATHS = "$(inherited) @executable_path/Frameworks";
				PRODUCT_BUNDLE_IDENTIFIER = com.soknaly.FireChat;
				PRODUCT_NAME = "$(TARGET_NAME)";
				PROVISIONING_PROFILE = "5a26004e-d953-42e8-b22e-afbe0b648347";
			};
			name = Debug;
		};
		6D38E45E1DB36A9900A30E88 /* Release */ = {
			isa = XCBuildConfiguration;
			baseConfigurationReference = 61D3D3038F6D46BAD6EF3B7C /* Pods-FireChat.release.xcconfig */;
			buildSettings = {
				ASSETCATALOG_COMPILER_APPICON_NAME = AppIcon;
				CODE_SIGN_IDENTITY = "iPhone Developer";
				GCC_PRECOMPILE_PREFIX_HEADER = YES;
				GCC_PREFIX_HEADER = "FireChat/Supporting Files/Prefix.pch";
				INFOPLIST_FILE = FireChat/Info.plist;
				LD_RUNPATH_SEARCH_PATHS = "$(inherited) @executable_path/Frameworks";
				PRODUCT_BUNDLE_IDENTIFIER = com.soknaly.FireChat;
				PRODUCT_NAME = "$(TARGET_NAME)";
				PROVISIONING_PROFILE = "5a26004e-d953-42e8-b22e-afbe0b648347";
			};
			name = Release;
		};
/* End XCBuildConfiguration section */

/* Begin XCConfigurationList section */
		6D38E4401DB36A9800A30E88 /* Build configuration list for PBXProject "FireChat" */ = {
			isa = XCConfigurationList;
			buildConfigurations = (
				6D38E45A1DB36A9900A30E88 /* Debug */,
				6D38E45B1DB36A9900A30E88 /* Release */,
			);
			defaultConfigurationIsVisible = 0;
			defaultConfigurationName = Release;
		};
		6D38E45C1DB36A9900A30E88 /* Build configuration list for PBXNativeTarget "FireChat" */ = {
			isa = XCConfigurationList;
			buildConfigurations = (
				6D38E45D1DB36A9900A30E88 /* Debug */,
				6D38E45E1DB36A9900A30E88 /* Release */,
			);
			defaultConfigurationIsVisible = 0;
			defaultConfigurationName = Release;
		};
/* End XCConfigurationList section */
	};
	rootObject = 6D38E43D1DB36A9800A30E88 /* Project object */;
}
